Microsoft Visual Studio Solution File, Format Version 12.00
# Visual Studio Version 17
VisualStudioVersion = 17.5.2.0
MinimumVisualStudioVersion = 10.0.40219.1
Project("{2150E333-8FDC-42A3-9474-1A3956D46DE8}") = "Play.Catalog", "Play.Catalog", "{FA129AF9-625B-5B11-3AF1-0DECFEB3AD97}"
EndProject
Project("{FAE04EC0-301F-11D3-BF4B-00C04F79EFBC}") = "Play.Catalog.service", "Play.Catalog\Play.Catalog.service\Play.Catalog.service.csproj", "{D0D9D5E1-79E0-888D-9711-28C7F6AFADC4}"
EndProject
Global
	GlobalSection(SolutionConfigurationPlatforms) = preSolution
		Debug|Any CPU = Debug|Any CPU
		Release|Any CPU = Release|Any CPU
	EndGlobalSection
	GlobalSection(ProjectConfigurationPlatforms) = postSolution
		{D0D9D5E1-79E0-888D-9711-28C7F6AFADC4}.Debug|Any CPU.ActiveCfg = Debug|Any CPU
		{D0D9D5E1-79E0-888D-9711-28C7F6AFADC4}.Debug|Any CPU.Build.0 = Debug|Any CPU
		{D0D9D5E1-79E0-888D-9711-28C7F6AFADC4}.Release|Any CPU.ActiveCfg = Release|Any CPU
		{D0D9D5E1-79E0-888D-9711-28C7F6AFADC4}.Release|Any CPU.Build.0 = Release|Any CPU
	EndGlobalSection
	GlobalSection(SolutionProperties) = preSolution
		HideSolutionNode = FALSE
	EndGlobalSection
	GlobalSection(NestedProjects) = preSolution
		{D0D9D5E1-79E0-888D-9711-28C7F6AFADC4} = {FA129AF9-625B-5B11-3AF1-0DECFEB3AD97}
	EndGlobalSection
	GlobalSection(ExtensibilityGlobals) = postSolution
		SolutionGuid = {06B7D707-A5C0-4E63-B017-9318A5C02A6F}
	EndGlobalSection
EndGlobal
